
Microsoft Visual Studio Solution File, Format Version 12.00
# Visual Studio Version 16
VisualStudioVersion = 16.0.32602.291
MinimumVisualStudioVersion = 10.0.40219.1
Project("{8BC9CEB8-8B4A-11D0-8D11-00A0C91BC942}") = "createWindow", "createWindow.vcxproj", "{BBD6970E-53B5-420F-9AAC-7F76ED5D7161}"
EndProject
Global
	GlobalSection(SolutionConfigurationPlatforms) = preSolution
		Debug|x64 = Debug|x64
		Debug|x86 = Debug|x86
		Release|x64 = Release|x64
		Release|x86 = Release|x86
	EndGlobalSection
	GlobalSection(ProjectConfigurationPlatforms) = postSolution
		{BBD6970E-53B5-420F-9AAC-7F76ED5D7161}.Debug|x64.ActiveCfg = Debug|x64
		{BBD6970E-53B5-420F-9AAC-7F76ED5D7161}.Debug|x64.Build.0 = Debug|x64
		{BBD6970E-53B5-420F-9AAC-7F76ED5D7161}.Debug|x86.ActiveCfg = Debug|Win32
		{BBD6970E-53B5-420F-9AAC-7F76ED5D7161}.Debug|x86.Build.0 = Debug|Win32
		{BBD6970E-53B5-420F-9AAC-7F76ED5D7161}.Release|x64.ActiveCfg = Release|x64
		{BBD6970E-53B5-420F-9AAC-7F76ED5D7161}.Release|x64.Build.0 = Release|x64
		{BBD6970E-53B5-420F-9AAC-7F76ED5D7161}.Release|x86.ActiveCfg = Release|Win32
		{BBD6970E-53B5-420F-9AAC-7F76ED5D7161}.Release|x86.Build.0 = Release|Win32
	EndGlobalSection
	GlobalSection(SolutionProperties) = preSolution
		HideSolutionNode = FALSE
	EndGlobalSection
	GlobalSection(ExtensibilityGlobals) = postSolution
		SolutionGuid = {3379B16C-24DB-49F6-8442-F6DB05685215}
	EndGlobalSection
EndGlobal
